
Microsoft Visual Studio Solution File, Format Version 12.00
# Visual Studio Version 18
VisualStudioVersion = 18.4.11626.88
MinimumVisualStudioVersion = 10.0.40219.1
Project("{FAE04EC0-301F-11D3-BF4B-00C04F79EFBC}") = "WebApi", "api-gateway-service\WebApi.csproj", "{13020BCA-43BD-4C51-87ED-907BA8690639}"
EndProject
Project("{2150E333-8FDC-42A3-9474-1A3956D46DE8}") = "Solution Items", "Solution Items", "{1BDD1F22-1AF1-4CA8-92B5-DE8183EA4278}"
	ProjectSection(SolutionItems) = preProject
		compose.yaml = compose.yaml
	EndProjectSection
EndProject
Project("{2150E333-8FDC-42A3-9474-1A3956D46DE8}") = "k8s", "k8s", "{B42B8F94-56BB-4633-9604-BFAF4C5807F7}"
	ProjectSection(SolutionItems) = preProject
		Chart.yaml = Chart.yaml
		values.yaml = values.yaml
	EndProjectSection
EndProject
Project("{2150E333-8FDC-42A3-9474-1A3956D46DE8}") = "templates", "templates", "{87B65BA4-9553-4596-B6A5-9178EC4CC37D}"
	ProjectSection(SolutionItems) = preProject
		configmap.yaml = configmap.yaml
		deployment.yaml = deployment.yaml
		secrets.yaml = secrets.yaml
		service.yaml = service.yaml
	EndProjectSection
EndProject
Global
	GlobalSection(SolutionConfigurationPlatforms) = preSolution
		Debug|Any CPU = Debug|Any CPU
		Release|Any CPU = Release|Any CPU
	EndGlobalSection
	GlobalSection(ProjectConfigurationPlatforms) = postSolution
		{13020BCA-43BD-4C51-87ED-907BA8690639}.Debug|Any CPU.ActiveCfg = Debug|Any CPU
		{13020BCA-43BD-4C51-87ED-907BA8690639}.Debug|Any CPU.Build.0 = Debug|Any CPU
		{13020BCA-43BD-4C51-87ED-907BA8690639}.Release|Any CPU.ActiveCfg = Release|Any CPU
		{13020BCA-43BD-4C51-87ED-907BA8690639}.Release|Any CPU.Build.0 = Release|Any CPU
	EndGlobalSection
	GlobalSection(SolutionProperties) = preSolution
		HideSolutionNode = FALSE
	EndGlobalSection
	GlobalSection(NestedProjects) = preSolution
		{B42B8F94-56BB-4633-9604-BFAF4C5807F7} = {1BDD1F22-1AF1-4CA8-92B5-DE8183EA4278}
		{87B65BA4-9553-4596-B6A5-9178EC4CC37D} = {B42B8F94-56BB-4633-9604-BFAF4C5807F7}
	EndGlobalSection
	GlobalSection(ExtensibilityGlobals) = postSolution
		SolutionGuid = {6458B8AC-BFD8-47BE-A6C6-4753999A62D4}
	EndGlobalSection
EndGlobal
